Microsoft Visual Studio Solution File, Format Version 12.00
# Visual Studio Version 17
VisualStudioVersion = 17.5.2.0
MinimumVisualStudioVersion = 10.0.40219.1
Project("{FAE04EC0-301F-11D3-BF4B-00C04F79EFBC}") = "QuanLySanPhamAPI", "QuanLySanPhamAPI\QuanLySanPhamAPI.csproj", "{35A91F48-63B5-1603-3483-F061B107B5F8}"
EndProject
Global
	GlobalSection(SolutionConfigurationPlatforms) = preSolution
		Debug|Any CPU = Debug|Any CPU
		Release|Any CPU = Release|Any CPU
	EndGlobalSection
	GlobalSection(ProjectConfigurationPlatforms) = postSolution
		{35A91F48-63B5-1603-3483-F061B107B5F8}.Debug|Any CPU.ActiveCfg = Debug|Any CPU
		{35A91F48-63B5-1603-3483-F061B107B5F8}.Debug|Any CPU.Build.0 = Debug|Any CPU
		{35A91F48-63B5-1603-3483-F061B107B5F8}.Release|Any CPU.ActiveCfg = Release|Any CPU
		{35A91F48-63B5-1603-3483-F061B107B5F8}.Release|Any CPU.Build.0 = Release|Any CPU
	EndGlobalSection
	GlobalSection(SolutionProperties) = preSolution
		HideSolutionNode = FALSE
	EndGlobalSection
	GlobalSection(ExtensibilityGlobals) = postSolution
		SolutionGuid = {EC345E00-576B-4E29-995A-69850750C6E0}
	EndGlobalSection
EndGlobal
